lockfile_version: '1'
generated_at: '2026-06-07T11:50:06.529077+00:00'
apm_version: 0.16.1
dependencies:
- repo_url: xcratch/xcratch-skills
  host: github.com
  resolved_commit: 54c42cb7da27ad0f4c9b085212951fe149b0deac
  package_type: skill_bundle
  deployed_files:
  - .claude/skills/xcratch-extension-create
  - .claude/skills/xcratch-extension-debug
  - .claude/skills/xcratch-extension-debug-auto
  - .claude/skills/xcratch-extension-stretch3
  content_hash: sha256:17d13f7263a38ad5d850be68f93c966cfa9efa30462957a501e508592cb1ccb8
